PODS:
  - Bolts (1.9.0):
    - Bolts/AppLinks (= 1.9.0)
    - Bolts/Tasks (= 1.9.0)
  - Bolts/AppLinks (1.9.0):
    - Bolts/Tasks
  - Bolts/Tasks (1.9.0)
  - facebook_sdk (0.0.1):
    - FacebookSDK (= 4.44.1)
    - Flutter
  - FacebookSDK (4.44.1):
    - Bolts (~> 1.9)
    - FacebookSDK/CoreKit (= 4.44.1)
    - FacebookSDK/MarketingKit (= 4.44.1)
  - FacebookSDK/CoreKit (4.44.1):
    - Bolts (~> 1.9)
    - FBSDKCoreKit
  - FacebookSDK/MarketingKit (4.44.1):
    - Bolts (~> 1.9)
    - FacebookSDK/CoreKit
    - FBSDKMarketingKit
  - FBSDKCoreKit (5.0.0):
    - FBSDKCoreKit/Basics (= 5.0.0)
    - FBSDKCoreKit/Core (= 5.0.0)
  - FBSDKCoreKit/Basics (5.0.0)
  - FBSDKCoreKit/Core (5.0.0):
    - FBSDKCoreKit/Basics
  - FBSDKMarketingKit (5.0.0):
    - FBSDKCoreKit (= 5.0.0)
  - Flutter (1.0.0)

DEPENDENCIES:
  - facebook_sdk (from `.symlinks/plugins/facebook_sdk/ios`)
  - Flutter (from `.symlinks/flutter/ios`)

SPEC REPOS:
  https://github.com/cocoapods/specs.git:
    - Bolts
    - FacebookSDK
    - FBSDKCoreKit
    - FBSDKMarketingKit

EXTERNAL SOURCES:
  facebook_sdk:
    :path: ".symlinks/plugins/facebook_sdk/ios"
  Flutter:
    :path: ".symlinks/flutter/ios"

SPEC CHECKSUMS:
  Bolts: ac6567323eac61e203f6a9763667d0f711be34c8
  facebook_sdk: 0e7e9aa732417dddb9911aafed7f1b2ae9544fa7
  FacebookSDK: 98dd798abb2fe8148d010d30f5d9b4b47bc30922
  FBSDKCoreKit: ba361d4a9d4dc29ff218822b849b22d4f869c7bb
  FBSDKMarketingKit: 4b8d3c6b53b5397cd0b6ba39b1e7034bc9f3a45e
  Flutter: 58dd7d1b27887414a370fcccb9e645c08ffd7a6a

PODFILE CHECKSUM: ebd43b443038e611b86ede96e613bd6033c49497

COCOAPODS: 1.6.1
