PODS:
  - facebook_sdk (0.0.1):
    - FacebookSDK
    - Flutter
  - FacebookSDK (5.0.0):
    - FacebookSDK/CoreKit (= 5.0.0)
    - FacebookSDK/MarketingKit (= 5.0.0)
  - FacebookSDK/CoreKit (5.0.0):
    - FBSDKCoreKit (= 5.0.0)
  - FacebookSDK/MarketingKit (5.0.0):
    - FacebookSDK/CoreKit
    - FBSDKMarketingKit (= 5.0.0)
  - FBSDKCoreKit (5.0.0):
    - FBSDKCoreKit/Basics (= 5.0.0)
    - FBSDKCoreKit/Core (= 5.0.0)
  - FBSDKCoreKit/Basics (5.0.0)
  - FBSDKCoreKit/Core (5.0.0):
    - FBSDKCoreKit/Basics
  - FBSDKMarketingKit (5.0.0):
    - FBSDKCoreKit (= 5.0.0)
  - Flutter (1.0.0)

DEPENDENCIES:
  - facebook_sdk (from `.symlinks/plugins/facebook_sdk/ios`)
  - Flutter (from `.symlinks/flutter/ios`)

SPEC REPOS:
  https://github.com/cocoapods/specs.git:
    - FacebookSDK
    - FBSDKCoreKit
    - FBSDKMarketingKit

EXTERNAL SOURCES:
  facebook_sdk:
    :path: ".symlinks/plugins/facebook_sdk/ios"
  Flutter:
    :path: ".symlinks/flutter/ios"

SPEC CHECKSUMS:
  facebook_sdk: 4e53b65d9f57e2fe96ffdd0ee4bab51f9cf9f15d
  FacebookSDK: ad10680cfa5a2f02213113f3e2a21bec726fff34
  FBSDKCoreKit: ba361d4a9d4dc29ff218822b849b22d4f869c7bb
  FBSDKMarketingKit: 4b8d3c6b53b5397cd0b6ba39b1e7034bc9f3a45e
  Flutter: 58dd7d1b27887414a370fcccb9e645c08ffd7a6a

PODFILE CHECKSUM: ebd43b443038e611b86ede96e613bd6033c49497

COCOAPODS: 1.6.1
