PODS:
  - facebook_sdk (0.0.1):
    - FacebookSDK (= 5.5.0)
    - Flutter
  - FacebookSDK (5.5.0):
    - FacebookSDK/CoreKit (= 5.5.0)
    - FacebookSDK/MarketingKit (= 5.5.0)
  - FacebookSDK/CoreKit (5.5.0):
    - FBSDKCoreKit (~> 5.0)
  - FacebookSDK/MarketingKit (5.5.0):
    - FacebookSDK/CoreKit
    - FBSDKMarketingKit (~> 5.0)
  - FBSDKCoreKit (5.6.0):
    - FBSDKCoreKit/Basics (= 5.6.0)
    - FBSDKCoreKit/Core (= 5.6.0)
  - FBSDKCoreKit/Basics (5.6.0)
  - FBSDKCoreKit/Core (5.6.0):
    - FBSDKCoreKit/Basics
  - FBSDKMarketingKit (5.5.0):
    - FBSDKCoreKit (~> 5.5)
  - Flutter (1.0.0)

DEPENDENCIES:
  - facebook_sdk (from `.symlinks/plugins/facebook_sdk/ios`)
  - Flutter (from `.symlinks/flutter/ios`)

SPEC REPOS:
  https://github.com/cocoapods/specs.git:
    - FacebookSDK
    - FBSDKCoreKit
    - FBSDKMarketingKit

EXTERNAL SOURCES:
  facebook_sdk:
    :path: ".symlinks/plugins/facebook_sdk/ios"
  Flutter:
    :path: ".symlinks/flutter/ios"

SPEC CHECKSUMS:
  facebook_sdk: e59c0042bac4c5ef27bc62a98398c1ee28e0784b
  FacebookSDK: dd0cd66e92c0d9275802e75cd3525f835eda074e
  FBSDKCoreKit: d6655a343868d4bb5c29a60859bab07c3be14a0b
  FBSDKMarketingKit: 570d0c2778a2166b0cd55b301160d662ccbe8927
  Flutter: 0e3d915762c693b495b44d77113d4970485de6ec

PODFILE CHECKSUM: ebd43b443038e611b86ede96e613bd6033c49497

COCOAPODS: 1.7.5
